{
  "originHash" : "14a314731892ee8ef14d265f129b7fa91e238809861c147a9cb827e24408258c",
  "pins" : [
    {
      "identity" : "swift-log",
      "kind" : "remoteSourceControl",
      "location" : "https://github.com/apple/swift-log.git",
      "state" : {
        "revision" : "bc386b95f2a16ccd0150a8235e7c69eab2b866ca",
        "version" : "1.8.0"
      }
    }
  ],
  "version" : 3
}
